// !$*UTF8*$!
{
	archiveVersion = 1;
	classes = {
	};
	objectVersion = 50;
	objects = {

/* Begin PBXBuildFile section */
		ABC857BC2361657300CA2BE5 /* AppDelegate.swift in Sources */ = {isa = PBXBuildFile; fileRef = ABC857BB2361657300CA2BE5 /* AppDelegate.swift */; };
		ABC857BE2361657300CA2BE5 /* SceneDelegate.swift in Sources */ = {isa = PBXBuildFile; fileRef = ABC857BD2361657300CA2BE5 /* SceneDelegate.swift */; };
		ABC857C52361657400CA2BE5 /* Assets.xcassets in Resources */ = {isa = PBXBuildFile; fileRef = ABC857C42361657400CA2BE5 /* Assets.xcassets */; };
		ABC857C82361657400CA2BE5 /* LaunchScreen.storyboard in Resources */ = {isa = PBXBuildFile; fileRef = ABC857C62361657400CA2BE5 /* LaunchScreen.storyboard */; };
		ABC857D1236169F700CA2BE5 /* NewBooksVC.swift in Sources */ = {isa = PBXBuildFile; fileRef = ABC857D0236169F700CA2BE5 /* NewBooksVC.swift */; };
		ABC857D623616A5600CA2BE5 /* SearchBooksVC.swift in Sources */ = {isa = PBXBuildFile; fileRef = ABC857D423616A5600CA2BE5 /* SearchBooksVC.swift */; };
		ABC857DA23616BF500CA2BE5 /* NetworkManager.swift in Sources */ = {isa = PBXBuildFile; fileRef = ABC857D923616BF500CA2BE5 /* NetworkManager.swift */; };
		ABC857DC23616CC700CA2BE5 /* EndpointProtocol.swift in Sources */ = {isa = PBXBuildFile; fileRef = ABC857DB23616CC700CA2BE5 /* EndpointProtocol.swift */; };
		ABC857E12361715700CA2BE5 /* NewBooksEndpoint.swift in Sources */ = {isa = PBXBuildFile; fileRef = ABC857E02361715700CA2BE5 /* NewBooksEndpoint.swift */; };
		ABC857E4236172C100CA2BE5 /* NewBooksResponse.swift in Sources */ = {isa = PBXBuildFile; fileRef = ABC857E3236172C100CA2BE5 /* NewBooksResponse.swift */; };
		ABC857E6236172E300CA2BE5 /* Book.swift in Sources */ = {isa = PBXBuildFile; fileRef = ABC857E5236172E300CA2BE5 /* Book.swift */; };
		ABC857F22362AF5D00CA2BE5 /* BookDetailCollectionViewCell.swift in Sources */ = {isa = PBXBuildFile; fileRef = ABC857F02362AF5D00CA2BE5 /* BookDetailCollectionViewCell.swift */; };
		ABC857F32362AF5D00CA2BE5 /* BookDetailCollectionViewCell.xib in Resources */ = {isa = PBXBuildFile; fileRef = ABC857F12362AF5D00CA2BE5 /* BookDetailCollectionViewCell.xib */; };
		ABC857F62362B13E00CA2BE5 /* SB+UIImageView.swift in Sources */ = {isa = PBXBuildFile; fileRef = ABC857F52362B13E00CA2BE5 /* SB+UIImageView.swift */; };
		ABC857F82362B65C00CA2BE5 /* Constraints+UIView.swift in Sources */ = {isa = PBXBuildFile; fileRef = ABC857F72362B65C00CA2BE5 /* Constraints+UIView.swift */; };
		ABC857FA2363BE4B00CA2BE5 /* BookDetailVC.swift in Sources */ = {isa = PBXBuildFile; fileRef = ABC857F92363BE4B00CA2BE5 /* BookDetailVC.swift */; };
		ABC857FC2363BFA900CA2BE5 /* BookDetailEndpoint.swift in Sources */ = {isa = PBXBuildFile; fileRef = ABC857FB2363BFA900CA2BE5 /* BookDetailEndpoint.swift */; };
		ABC858042363E70C00CA2BE5 /* BookDetailHeaderCell.swift in Sources */ = {isa = PBXBuildFile; fileRef = ABC858022363E70C00CA2BE5 /* BookDetailHeaderCell.swift */; };
		ABC858052363E70C00CA2BE5 /* BookDetailHeaderCell.xib in Resources */ = {isa = PBXBuildFile; fileRef = ABC858032363E70C00CA2BE5 /* BookDetailHeaderCell.xib */; };
		ABC858092364E10100CA2BE5 /* SB+UITableView.swift in Sources */ = {isa = PBXBuildFile; fileRef = ABC858082364E10100CA2BE5 /* SB+UITableView.swift */; };
		ABC8580B2365024900CA2BE5 /* RatingsView.swift in Sources */ = {isa = PBXBuildFile; fileRef = ABC8580A2365024900CA2BE5 /* RatingsView.swift */; };
		ABC8580D2365025000CA2BE5 /* RatingsView.xib in Resources */ = {isa = PBXBuildFile; fileRef = ABC8580C2365025000CA2BE5 /* RatingsView.xib */; };
		ABC8580F2365026800CA2BE5 /* SB+UIView.swift in Sources */ = {isa = PBXBuildFile; fileRef = ABC8580E2365026800CA2BE5 /* SB+UIView.swift */; };
		ABC8581F23650C1A00CA2BE5 /* BookDetailStatsCell.swift in Sources */ = {isa = PBXBuildFile; fileRef = ABC8581D23650C1A00CA2BE5 /* BookDetailStatsCell.swift */; };
		ABC8582023650C1A00CA2BE5 /* BookDetailStatsCell.xib in Resources */ = {isa = PBXBuildFile; fileRef = ABC8581E23650C1A00CA2BE5 /* BookDetailStatsCell.xib */; };
		ABC8582423650C5B00CA2BE5 /* StatsCell.swift in Sources */ = {isa = PBXBuildFile; fileRef = ABC8582223650C5B00CA2BE5 /* StatsCell.swift */; };
		ABC8582523650C5B00CA2BE5 /* StatsCell.xib in Resources */ = {isa = PBXBuildFile; fileRef = ABC8582323650C5B00CA2BE5 /* StatsCell.xib */; };
		ABC858282365199700CA2BE5 /* BookDetailPDFCell.swift in Sources */ = {isa = PBXBuildFile; fileRef = ABC858262365199700CA2BE5 /* BookDetailPDFCell.swift */; };
		ABC858292365199700CA2BE5 /* BookDetailPDFCell.xib in Resources */ = {isa = PBXBuildFile; fileRef = ABC858272365199700CA2BE5 /* BookDetailPDFCell.xib */; };
		ABC8582C23651AF400CA2BE5 /* PDFCell.swift in Sources */ = {isa = PBXBuildFile; fileRef = ABC8582A23651AF400CA2BE5 /* PDFCell.swift */; };
		ABC8582D23651AF400CA2BE5 /* PDFCell.xib in Resources */ = {isa = PBXBuildFile; fileRef = ABC8582B23651AF400CA2BE5 /* PDFCell.xib */; };
		ABC85830236522F400CA2BE5 /* ContentSizingTableView.swift in Sources */ = {isa = PBXBuildFile; fileRef = ABC8582F236522F400CA2BE5 /* ContentSizingTableView.swift */; };
		ABC85838236667BE00CA2BE5 /* SearchbarView.swift in Sources */ = {isa = PBXBuildFile; fileRef = ABC85837236667BE00CA2BE5 /* SearchbarView.swift */; };
		ABC8583A236667C700CA2BE5 /* SearchbarView.xib in Resources */ = {isa = PBXBuildFile; fileRef = ABC85839236667C700CA2BE5 /* SearchbarView.xib */; };
		ABC8583D23666D7D00CA2BE5 /* SearchResultsVC.swift in Sources */ = {isa = PBXBuildFile; fileRef = ABC8583C23666D7D00CA2BE5 /* SearchResultsVC.swift */; };
		ABC8583F23666EB400CA2BE5 /* SB+UITextField.swift in Sources */ = {isa = PBXBuildFile; fileRef = ABC8583E23666EB400CA2BE5 /* SB+UITextField.swift */; };
/* End PBXBuildFile section */

/* Begin PBXFileReference section */
		ABC857B82361657300CA2BE5 /* SendBird.app */ = {isa = PBXFileReference; explicitFileType = wrapper.application; includeInIndex = 0; path = SendBird.app; sourceTree = BUILT_PRODUCTS_DIR; };
		ABC857BB2361657300CA2BE5 /* AppDelegate.swift */ = {isa = PBXFileReference; lastKnownFileType = sourcecode.swift; path = AppDelegate.swift; sourceTree = "<group>"; };
		ABC857BD2361657300CA2BE5 /* SceneDelegate.swift */ = {isa = PBXFileReference; lastKnownFileType = sourcecode.swift; path = SceneDelegate.swift; sourceTree = "<group>"; };
		ABC857C42361657400CA2BE5 /* Assets.xcassets */ = {isa = PBXFileReference; lastKnownFileType = folder.assetcatalog; path = Assets.xcassets; sourceTree = "<group>"; };
		ABC857C72361657400CA2BE5 /* Base */ = {isa = PBXFileReference; lastKnownFileType = file.storyboard; name = Base; path = Base.lproj/LaunchScreen.storyboard; sourceTree = "<group>"; };
		ABC857C92361657400CA2BE5 /* Info.plist */ = {isa = PBXFileReference; lastKnownFileType = text.plist.xml; path = Info.plist; sourceTree = "<group>"; };
		ABC857D0236169F700CA2BE5 /* NewBooksVC.swift */ = {isa = PBXFileReference; lastKnownFileType = sourcecode.swift; path = NewBooksVC.swift; sourceTree = "<group>"; };
		ABC857D423616A5600CA2BE5 /* SearchBooksVC.swift */ = {isa = PBXFileReference; lastKnownFileType = sourcecode.swift; path = SearchBooksVC.swift; sourceTree = "<group>"; };
		ABC857D923616BF500CA2BE5 /* NetworkManager.swift */ = {isa = PBXFileReference; lastKnownFileType = sourcecode.swift; path = NetworkManager.swift; sourceTree = "<group>"; };
		ABC857DB23616CC700CA2BE5 /* EndpointProtocol.swift */ = {isa = PBXFileReference; lastKnownFileType = sourcecode.swift; path = EndpointProtocol.swift; sourceTree = "<group>"; };
		ABC857E02361715700CA2BE5 /* NewBooksEndpoint.swift */ = {isa = PBXFileReference; lastKnownFileType = sourcecode.swift; path = NewBooksEndpoint.swift; sourceTree = "<group>"; };
		ABC857E3236172C100CA2BE5 /* NewBooksResponse.swift */ = {isa = PBXFileReference; lastKnownFileType = sourcecode.swift; path = NewBooksResponse.swift; sourceTree = "<group>"; };
		ABC857E5236172E300CA2BE5 /* Book.swift */ = {isa = PBXFileReference; lastKnownFileType = sourcecode.swift; path = Book.swift; sourceTree = "<group>"; };
		ABC857F02362AF5D00CA2BE5 /* BookDetailCollectionViewCell.swift */ = {isa = PBXFileReference; lastKnownFileType = sourcecode.swift; path = BookDetailCollectionViewCell.swift; sourceTree = "<group>"; };
		ABC857F12362AF5D00CA2BE5 /* BookDetailCollectionViewCell.xib */ = {isa = PBXFileReference; lastKnownFileType = file.xib; path = BookDetailCollectionViewCell.xib; sourceTree = "<group>"; };
		ABC857F52362B13E00CA2BE5 /* SB+UIImageView.swift */ = {isa = PBXFileReference; lastKnownFileType = sourcecode.swift; path = "SB+UIImageView.swift"; sourceTree = "<group>"; };
		ABC857F72362B65C00CA2BE5 /* Constraints+UIView.swift */ = {isa = PBXFileReference; lastKnownFileType = sourcecode.swift; path = "Constraints+UIView.swift"; sourceTree = "<group>"; };
		ABC857F92363BE4B00CA2BE5 /* BookDetailVC.swift */ = {isa = PBXFileReference; lastKnownFileType = sourcecode.swift; path = BookDetailVC.swift; sourceTree = "<group>"; };
		ABC857FB2363BFA900CA2BE5 /* BookDetailEndpoint.swift */ = {isa = PBXFileReference; lastKnownFileType = sourcecode.swift; path = BookDetailEndpoint.swift; sourceTree = "<group>"; };
		ABC858022363E70C00CA2BE5 /* BookDetailHeaderCell.swift */ = {isa = PBXFileReference; lastKnownFileType = sourcecode.swift; path = BookDetailHeaderCell.swift; sourceTree = "<group>"; };
		ABC858032363E70C00CA2BE5 /* BookDetailHeaderCell.xib */ = {isa = PBXFileReference; lastKnownFileType = file.xib; path = BookDetailHeaderCell.xib; sourceTree = "<group>"; };
		ABC858082364E10100CA2BE5 /* SB+UITableView.swift */ = {isa = PBXFileReference; lastKnownFileType = sourcecode.swift; path = "SB+UITableView.swift"; sourceTree = "<group>"; };
		ABC8580A2365024900CA2BE5 /* RatingsView.swift */ = {isa = PBXFileReference; lastKnownFileType = sourcecode.swift; path = RatingsView.swift; sourceTree = "<group>"; };
		ABC8580C2365025000CA2BE5 /* RatingsView.xib */ = {isa = PBXFileReference; lastKnownFileType = file.xib; path = RatingsView.xib; sourceTree = "<group>"; };
		ABC8580E2365026800CA2BE5 /* SB+UIView.swift */ = {isa = PBXFileReference; lastKnownFileType = sourcecode.swift; path = "SB+UIView.swift"; sourceTree = "<group>"; };
		ABC8581D23650C1A00CA2BE5 /* BookDetailStatsCell.swift */ = {isa = PBXFileReference; lastKnownFileType = sourcecode.swift; path = BookDetailStatsCell.swift; sourceTree = "<group>"; };
		ABC8581E23650C1A00CA2BE5 /* BookDetailStatsCell.xib */ = {isa = PBXFileReference; lastKnownFileType = file.xib; path = BookDetailStatsCell.xib; sourceTree = "<group>"; };
		ABC8582223650C5B00CA2BE5 /* StatsCell.swift */ = {isa = PBXFileReference; lastKnownFileType = sourcecode.swift; path = StatsCell.swift; sourceTree = "<group>"; };
		ABC8582323650C5B00CA2BE5 /* StatsCell.xib */ = {isa = PBXFileReference; lastKnownFileType = file.xib; path = StatsCell.xib; sourceTree = "<group>"; };
		ABC858262365199700CA2BE5 /* BookDetailPDFCell.swift */ = {isa = PBXFileReference; lastKnownFileType = sourcecode.swift; path = BookDetailPDFCell.swift; sourceTree = "<group>"; };
		ABC858272365199700CA2BE5 /* BookDetailPDFCell.xib */ = {isa = PBXFileReference; lastKnownFileType = file.xib; path = BookDetailPDFCell.xib; sourceTree = "<group>"; };
		ABC8582A23651AF400CA2BE5 /* PDFCell.swift */ = {isa = PBXFileReference; lastKnownFileType = sourcecode.swift; path = PDFCell.swift; sourceTree = "<group>"; };
		ABC8582B23651AF400CA2BE5 /* PDFCell.xib */ = {isa = PBXFileReference; lastKnownFileType = file.xib; path = PDFCell.xib; sourceTree = "<group>"; };
		ABC8582F236522F400CA2BE5 /* ContentSizingTableView.swift */ = {isa = PBXFileReference; lastKnownFileType = sourcecode.swift; path = ContentSizingTableView.swift; sourceTree = "<group>"; };
		ABC85837236667BE00CA2BE5 /* SearchbarView.swift */ = {isa = PBXFileReference; lastKnownFileType = sourcecode.swift; path = SearchbarView.swift; sourceTree = "<group>"; };
		ABC85839236667C700CA2BE5 /* SearchbarView.xib */ = {isa = PBXFileReference; lastKnownFileType = file.xib; path = SearchbarView.xib; sourceTree = "<group>"; };
		ABC8583C23666D7D00CA2BE5 /* SearchResultsVC.swift */ = {isa = PBXFileReference; lastKnownFileType = sourcecode.swift; path = SearchResultsVC.swift; sourceTree = "<group>"; };
		ABC8583E23666EB400CA2BE5 /* SB+UITextField.swift */ = {isa = PBXFileReference; lastKnownFileType = sourcecode.swift; path = "SB+UITextField.swift"; sourceTree = "<group>"; };
/* End PBXFileReference section */

/* Begin PBXFrameworksBuildPhase section */
		ABC857B52361657300CA2BE5 /* Frameworks */ = {
			isa = PBXFrameworksBuildPhase;
			buildActionMask = 2147483647;
			files = (
			);
			runOnlyForDeploymentPostprocessing = 0;
		};
/* End PBXFrameworksBuildPhase section */

/* Begin PBXGroup section */
		ABC857AF2361657300CA2BE5 = {
			isa = PBXGroup;
			children = (
				ABC857BA2361657300CA2BE5 /* SendBird */,
				ABC857B92361657300CA2BE5 /* Products */,
			);
			sourceTree = "<group>";
		};
		ABC857B92361657300CA2BE5 /* Products */ = {
			isa = PBXGroup;
			children = (
				ABC857B82361657300CA2BE5 /* SendBird.app */,
			);
			name = Products;
			sourceTree = "<group>";
		};
		ABC857BA2361657300CA2BE5 /* SendBird */ = {
			isa = PBXGroup;
			children = (
				ABC8582E236522E900CA2BE5 /* BaseClasses */,
				ABC857E2236172B600CA2BE5 /* Models */,
				ABC857F42362B13000CA2BE5 /* Extensions */,
				ABC857E72362AE9100CA2BE5 /* Views */,
				ABC857D823616AF800CA2BE5 /* Network */,
				ABC857CF236169E300CA2BE5 /* Controllers */,
				ABC857BB2361657300CA2BE5 /* AppDelegate.swift */,
				ABC857BD2361657300CA2BE5 /* SceneDelegate.swift */,
				ABC857C42361657400CA2BE5 /* Assets.xcassets */,
				ABC857C62361657400CA2BE5 /* LaunchScreen.storyboard */,
				ABC857C92361657400CA2BE5 /* Info.plist */,
			);
			path = SendBird;
			sourceTree = "<group>";
		};
		ABC857CF236169E300CA2BE5 /* Controllers */ = {
			isa = PBXGroup;
			children = (
				ABC8583B23666D6900CA2BE5 /* SearchBooks */,
				ABC858002363E6A800CA2BE5 /* BookDetail */,
				ABC857FF2363E69800CA2BE5 /* NewBooks */,
			);
			path = Controllers;
			sourceTree = "<group>";
		};
		ABC857D823616AF800CA2BE5 /* Network */ = {
			isa = PBXGroup;
			children = (
				ABC857DD23616DFD00CA2BE5 /* Endpoints */,
				ABC857D923616BF500CA2BE5 /* NetworkManager.swift */,
				ABC857DB23616CC700CA2BE5 /* EndpointProtocol.swift */,
			);
			path = Network;
			sourceTree = "<group>";
		};
		ABC857DD23616DFD00CA2BE5 /* Endpoints */ = {
			isa = PBXGroup;
			children = (
				ABC857E02361715700CA2BE5 /* NewBooksEndpoint.swift */,
				ABC857FB2363BFA900CA2BE5 /* BookDetailEndpoint.swift */,
			);
			path = Endpoints;
			sourceTree = "<group>";
		};
		ABC857E2236172B600CA2BE5 /* Models */ = {
			isa = PBXGroup;
			children = (
				ABC857E3236172C100CA2BE5 /* NewBooksResponse.swift */,
				ABC857E5236172E300CA2BE5 /* Book.swift */,
			);
			path = Models;
			sourceTree = "<group>";
		};
		ABC857E72362AE9100CA2BE5 /* Views */ = {
			isa = PBXGroup;
			children = (
				ABC8580A2365024900CA2BE5 /* RatingsView.swift */,
				ABC8580C2365025000CA2BE5 /* RatingsView.xib */,
				ABC85837236667BE00CA2BE5 /* SearchbarView.swift */,
				ABC85839236667C700CA2BE5 /* SearchbarView.xib */,
			);
			path = Views;
			sourceTree = "<group>";
		};
		ABC857EF2362AF4100CA2BE5 /* CollectionViewCells */ = {
			isa = PBXGroup;
			children = (
				ABC857F02362AF5D00CA2BE5 /* BookDetailCollectionViewCell.swift */,
				ABC857F12362AF5D00CA2BE5 /* BookDetailCollectionViewCell.xib */,
			);
			path = CollectionViewCells;
			sourceTree = "<group>";
		};
		ABC857F42362B13000CA2BE5 /* Extensions */ = {
			isa = PBXGroup;
			children = (
				ABC857F52362B13E00CA2BE5 /* SB+UIImageView.swift */,
				ABC857F72362B65C00CA2BE5 /* Constraints+UIView.swift */,
				ABC858082364E10100CA2BE5 /* SB+UITableView.swift */,
				ABC8580E2365026800CA2BE5 /* SB+UIView.swift */,
				ABC8583E23666EB400CA2BE5 /* SB+UITextField.swift */,
			);
			path = Extensions;
			sourceTree = "<group>";
		};
		ABC857FF2363E69800CA2BE5 /* NewBooks */ = {
			isa = PBXGroup;
			children = (
				ABC857EF2362AF4100CA2BE5 /* CollectionViewCells */,
				ABC857D0236169F700CA2BE5 /* NewBooksVC.swift */,
			);
			path = NewBooks;
			sourceTree = "<group>";
		};
		ABC858002363E6A800CA2BE5 /* BookDetail */ = {
			isa = PBXGroup;
			children = (
				ABC8582123650C2000CA2BE5 /* CollectionViewCells */,
				ABC858012363E6E200CA2BE5 /* TableViewCells */,
				ABC857F92363BE4B00CA2BE5 /* BookDetailVC.swift */,
			);
			path = BookDetail;
			sourceTree = "<group>";
		};
		ABC858012363E6E200CA2BE5 /* TableViewCells */ = {
			isa = PBXGroup;
			children = (
				ABC858022363E70C00CA2BE5 /* BookDetailHeaderCell.swift */,
				ABC858032363E70C00CA2BE5 /* BookDetailHeaderCell.xib */,
				ABC8581D23650C1A00CA2BE5 /* BookDetailStatsCell.swift */,
				ABC8581E23650C1A00CA2BE5 /* BookDetailStatsCell.xib */,
				ABC858262365199700CA2BE5 /* BookDetailPDFCell.swift */,
				ABC858272365199700CA2BE5 /* BookDetailPDFCell.xib */,
				ABC8582A23651AF400CA2BE5 /* PDFCell.swift */,
				ABC8582B23651AF400CA2BE5 /* PDFCell.xib */,
			);
			path = TableViewCells;
			sourceTree = "<group>";
		};
		ABC8582123650C2000CA2BE5 /* CollectionViewCells */ = {
			isa = PBXGroup;
			children = (
				ABC8582223650C5B00CA2BE5 /* StatsCell.swift */,
				ABC8582323650C5B00CA2BE5 /* StatsCell.xib */,
			);
			path = CollectionViewCells;
			sourceTree = "<group>";
		};
		ABC8582E236522E900CA2BE5 /* BaseClasses */ = {
			isa = PBXGroup;
			children = (
				ABC8582F236522F400CA2BE5 /* ContentSizingTableView.swift */,
			);
			path = BaseClasses;
			sourceTree = "<group>";
		};
		ABC8583B23666D6900CA2BE5 /* SearchBooks */ = {
			isa = PBXGroup;
			children = (
				ABC857D423616A5600CA2BE5 /* SearchBooksVC.swift */,
				ABC8583C23666D7D00CA2BE5 /* SearchResultsVC.swift */,
			);
			path = SearchBooks;
			sourceTree = "<group>";
		};
/* End PBXGroup section */

/* Begin PBXNativeTarget section */
		ABC857B72361657300CA2BE5 /* SendBird */ = {
			isa = PBXNativeTarget;
			buildConfigurationList = ABC857CC2361657400CA2BE5 /* Build configuration list for PBXNativeTarget "SendBird" */;
			buildPhases = (
				ABC857B42361657300CA2BE5 /* Sources */,
				ABC857B52361657300CA2BE5 /* Frameworks */,
				ABC857B62361657300CA2BE5 /* Resources */,
			);
			buildRules = (
			);
			dependencies = (
			);
			name = SendBird;
			productName = SendBird;
			productReference = ABC857B82361657300CA2BE5 /* SendBird.app */;
			productType = "com.apple.product-type.application";
		};
/* End PBXNativeTarget section */

/* Begin PBXProject section */
		ABC857B02361657300CA2BE5 /* Project object */ = {
			isa = PBXProject;
			attributes = {
				LastSwiftUpdateCheck = 1110;
				LastUpgradeCheck = 1110;
				ORGANIZATIONNAME = Jonathan;
				TargetAttributes = {
					ABC857B72361657300CA2BE5 = {
						CreatedOnToolsVersion = 11.1;
					};
				};
			};
			buildConfigurationList = ABC857B32361657300CA2BE5 /* Build configuration list for PBXProject "SendBird" */;
			compatibilityVersion = "Xcode 9.3";
			developmentRegion = en;
			hasScannedForEncodings = 0;
			knownRegions = (
				en,
				Base,
			);
			mainGroup = ABC857AF2361657300CA2BE5;
			productRefGroup = ABC857B92361657300CA2BE5 /* Products */;
			projectDirPath = "";
			projectRoot = "";
			targets = (
				ABC857B72361657300CA2BE5 /* SendBird */,
			);
		};
/* End PBXProject section */

/* Begin PBXResourcesBuildPhase section */
		ABC857B62361657300CA2BE5 /* Resources */ = {
			isa = PBXResourcesBuildPhase;
			buildActionMask = 2147483647;
			files = (
				ABC857F32362AF5D00CA2BE5 /* BookDetailCollectionViewCell.xib in Resources */,
				ABC8582D23651AF400CA2BE5 /* PDFCell.xib in Resources */,
				ABC857C82361657400CA2BE5 /* LaunchScreen.storyboard in Resources */,
				ABC858052363E70C00CA2BE5 /* BookDetailHeaderCell.xib in Resources */,
				ABC8583A236667C700CA2BE5 /* SearchbarView.xib in Resources */,
				ABC857C52361657400CA2BE5 /* Assets.xcassets in Resources */,
				ABC8582523650C5B00CA2BE5 /* StatsCell.xib in Resources */,
				ABC858292365199700CA2BE5 /* BookDetailPDFCell.xib in Resources */,
				ABC8580D2365025000CA2BE5 /* RatingsView.xib in Resources */,
				ABC8582023650C1A00CA2BE5 /* BookDetailStatsCell.xib in Resources */,
			);
			runOnlyForDeploymentPostprocessing = 0;
		};
/* End PBXResourcesBuildPhase section */

/* Begin PBXSourcesBuildPhase section */
		ABC857B42361657300CA2BE5 /* Sources */ = {
			isa = PBXSourcesBuildPhase;
			buildActionMask = 2147483647;
			files = (
				ABC8583F23666EB400CA2BE5 /* SB+UITextField.swift in Sources */,
				ABC858092364E10100CA2BE5 /* SB+UITableView.swift in Sources */,
				ABC857E4236172C100CA2BE5 /* NewBooksResponse.swift in Sources */,
				ABC857D1236169F700CA2BE5 /* NewBooksVC.swift in Sources */,
				ABC857E12361715700CA2BE5 /* NewBooksEndpoint.swift in Sources */,
				ABC857BC2361657300CA2BE5 /* AppDelegate.swift in Sources */,
				ABC8580F2365026800CA2BE5 /* SB+UIView.swift in Sources */,
				ABC8580B2365024900CA2BE5 /* RatingsView.swift in Sources */,
				ABC857DC23616CC700CA2BE5 /* EndpointProtocol.swift in Sources */,
				ABC857E6236172E300CA2BE5 /* Book.swift in Sources */,
				ABC8582423650C5B00CA2BE5 /* StatsCell.swift in Sources */,
				ABC858042363E70C00CA2BE5 /* BookDetailHeaderCell.swift in Sources */,
				ABC858282365199700CA2BE5 /* BookDetailPDFCell.swift in Sources */,
				ABC8583D23666D7D00CA2BE5 /* SearchResultsVC.swift in Sources */,
				ABC8582C23651AF400CA2BE5 /* PDFCell.swift in Sources */,
				ABC857FC2363BFA900CA2BE5 /* BookDetailEndpoint.swift in Sources */,
				ABC857F22362AF5D00CA2BE5 /* BookDetailCollectionViewCell.swift in Sources */,
				ABC8581F23650C1A00CA2BE5 /* BookDetailStatsCell.swift in Sources */,
				ABC85830236522F400CA2BE5 /* ContentSizingTableView.swift in Sources */,
				ABC857FA2363BE4B00CA2BE5 /* BookDetailVC.swift in Sources */,
				ABC857DA23616BF500CA2BE5 /* NetworkManager.swift in Sources */,
				ABC857F62362B13E00CA2BE5 /* SB+UIImageView.swift in Sources */,
				ABC85838236667BE00CA2BE5 /* SearchbarView.swift in Sources */,
				ABC857D623616A5600CA2BE5 /* SearchBooksVC.swift in Sources */,
				ABC857BE2361657300CA2BE5 /* SceneDelegate.swift in Sources */,
				ABC857F82362B65C00CA2BE5 /* Constraints+UIView.swift in Sources */,
			);
			runOnlyForDeploymentPostprocessing = 0;
		};
/* End PBXSourcesBuildPhase section */

/* Begin PBXVariantGroup section */
		ABC857C62361657400CA2BE5 /* LaunchScreen.storyboard */ = {
			isa = PBXVariantGroup;
			children = (
				ABC857C72361657400CA2BE5 /* Base */,
			);
			name = LaunchScreen.storyboard;
			sourceTree = "<group>";
		};
/* End PBXVariantGroup section */

/* Begin XCBuildConfiguration section */
		ABC857CA2361657400CA2BE5 /* Debug */ = {
			isa = XCBuildConfiguration;
			buildSettings = {
				ALWAYS_SEARCH_USER_PATHS = NO;
				CLANG_ANALYZER_NONNULL = YES;
				CLANG_ANALYZER_NUMBER_OBJECT_CONVERSION = YES_AGGRESSIVE;
				CLANG_CXX_LANGUAGE_STANDARD = "gnu++14";
				CLANG_CXX_LIBRARY = "libc++";
				CLANG_ENABLE_MODULES = YES;
				CLANG_ENABLE_OBJC_ARC = YES;
				CLANG_ENABLE_OBJC_WEAK = YES;
				CLANG_WARN_BLOCK_CAPTURE_AUTORELEASING = YES;
				CLANG_WARN_BOOL_CONVERSION = YES;
				CLANG_WARN_COMMA = YES;
				CLANG_WARN_CONSTANT_CONVERSION = YES;
				CLANG_WARN_DEPRECATED_OBJC_IMPLEMENTATIONS = YES;
				CLANG_WARN_DIRECT_OBJC_ISA_USAGE = YES_ERROR;
				CLANG_WARN_DOCUMENTATION_COMMENTS = YES;
				CLANG_WARN_EMPTY_BODY = YES;
				CLANG_WARN_ENUM_CONVERSION = YES;
				CLANG_WARN_INFINITE_RECURSION = YES;
				CLANG_WARN_INT_CONVERSION = YES;
				CLANG_WARN_NON_LITERAL_NULL_CONVERSION = YES;
				CLANG_WARN_OBJC_IMPLICIT_RETAIN_SELF = YES;
				CLANG_WARN_OBJC_LITERAL_CONVERSION = YES;
				CLANG_WARN_OBJC_ROOT_CLASS = YES_ERROR;
				CLANG_WARN_RANGE_LOOP_ANALYSIS = YES;
				CLANG_WARN_STRICT_PROTOTYPES = YES;
				CLANG_WARN_SUSPICIOUS_MOVE = YES;
				CLANG_WARN_UNGUARDED_AVAILABILITY = YES_AGGRESSIVE;
				CLANG_WARN_UNREACHABLE_CODE = YES;
				CLANG_WARN__DUPLICATE_METHOD_MATCH = YES;
				COPY_PHASE_STRIP = NO;
				DEBUG_INFORMATION_FORMAT = dwarf;
				ENABLE_STRICT_OBJC_MSGSEND = YES;
				ENABLE_TESTABILITY = YES;
				GCC_C_LANGUAGE_STANDARD = gnu11;
				GCC_DYNAMIC_NO_PIC = NO;
				GCC_NO_COMMON_BLOCKS = YES;
				GCC_OPTIMIZATION_LEVEL = 0;
				GCC_PREPROCESSOR_DEFINITIONS = (
					"DEBUG=1",
					"$(inherited)",
				);
				GCC_WARN_64_TO_32_BIT_CONVERSION = YES;
				GCC_WARN_ABOUT_RETURN_TYPE = YES_ERROR;
				GCC_WARN_UNDECLARED_SELECTOR = YES;
				GCC_WARN_UNINITIALIZED_AUTOS = YES_AGGRESSIVE;
				GCC_WARN_UNUSED_FUNCTION = YES;
				GCC_WARN_UNUSED_VARIABLE = YES;
				IPHONEOS_DEPLOYMENT_TARGET = 13.1;
				MTL_ENABLE_DEBUG_INFO = INCLUDE_SOURCE;
				MTL_FAST_MATH = YES;
				ONLY_ACTIVE_ARCH = YES;
				SDKROOT = iphoneos;
				SWIFT_ACTIVE_COMPILATION_CONDITIONS = DEBUG;
				SWIFT_OPTIMIZATION_LEVEL = "-Onone";
			};
			name = Debug;
		};
		ABC857CB2361657400CA2BE5 /* Release */ = {
			isa = XCBuildConfiguration;
			buildSettings = {
				ALWAYS_SEARCH_USER_PATHS = NO;
				CLANG_ANALYZER_NONNULL = YES;
				CLANG_ANALYZER_NUMBER_OBJECT_CONVERSION = YES_AGGRESSIVE;
				CLANG_CXX_LANGUAGE_STANDARD = "gnu++14";
				CLANG_CXX_LIBRARY = "libc++";
				CLANG_ENABLE_MODULES = YES;
				CLANG_ENABLE_OBJC_ARC = YES;
				CLANG_ENABLE_OBJC_WEAK = YES;
				CLANG_WARN_BLOCK_CAPTURE_AUTORELEASING = YES;
				CLANG_WARN_BOOL_CONVERSION = YES;
				CLANG_WARN_COMMA = YES;
				CLANG_WARN_CONSTANT_CONVERSION = YES;
				CLANG_WARN_DEPRECATED_OBJC_IMPLEMENTATIONS = YES;
				CLANG_WARN_DIRECT_OBJC_ISA_USAGE = YES_ERROR;
				CLANG_WARN_DOCUMENTATION_COMMENTS = YES;
				CLANG_WARN_EMPTY_BODY = YES;
				CLANG_WARN_ENUM_CONVERSION = YES;
				CLANG_WARN_INFINITE_RECURSION = YES;
				CLANG_WARN_INT_CONVERSION = YES;
				CLANG_WARN_NON_LITERAL_NULL_CONVERSION = YES;
				CLANG_WARN_OBJC_IMPLICIT_RETAIN_SELF = YES;
				CLANG_WARN_OBJC_LITERAL_CONVERSION = YES;
				CLANG_WARN_OBJC_ROOT_CLASS = YES_ERROR;
				CLANG_WARN_RANGE_LOOP_ANALYSIS = YES;
				CLANG_WARN_STRICT_PROTOTYPES = YES;
				CLANG_WARN_SUSPICIOUS_MOVE = YES;
				CLANG_WARN_UNGUARDED_AVAILABILITY = YES_AGGRESSIVE;
				CLANG_WARN_UNREACHABLE_CODE = YES;
				CLANG_WARN__DUPLICATE_METHOD_MATCH = YES;
				COPY_PHASE_STRIP = NO;
				DEBUG_INFORMATION_FORMAT = "dwarf-with-dsym";
				ENABLE_NS_ASSERTIONS = NO;
				ENABLE_STRICT_OBJC_MSGSEND = YES;
				GCC_C_LANGUAGE_STANDARD = gnu11;
				GCC_NO_COMMON_BLOCKS = YES;
				GCC_WARN_64_TO_32_BIT_CONVERSION = YES;
				GCC_WARN_ABOUT_RETURN_TYPE = YES_ERROR;
				GCC_WARN_UNDECLARED_SELECTOR = YES;
				GCC_WARN_UNINITIALIZED_AUTOS = YES_AGGRESSIVE;
				GCC_WARN_UNUSED_FUNCTION = YES;
				GCC_WARN_UNUSED_VARIABLE = YES;
				IPHONEOS_DEPLOYMENT_TARGET = 13.1;
				MTL_ENABLE_DEBUG_INFO = NO;
				MTL_FAST_MATH = YES;
				SDKROOT = iphoneos;
				SWIFT_COMPILATION_MODE = wholemodule;
				SWIFT_OPTIMIZATION_LEVEL = "-O";
				VALIDATE_PRODUCT = YES;
			};
			name = Release;
		};
		ABC857CD2361657400CA2BE5 /* Debug */ = {
			isa = XCBuildConfiguration;
			buildSettings = {
				ASSETCATALOG_COMPILER_APPICON_NAME = AppIcon;
				CODE_SIGN_STYLE = Automatic;
				DEVELOPMENT_TEAM = PZ54V4GKAZ;
				INFOPLIST_FILE = SendBird/Info.plist;
				LD_RUNPATH_SEARCH_PATHS = (
					"$(inherited)",
					"@executable_path/Frameworks",
				);
				PRODUCT_BUNDLE_IDENTIFIER = onCompany.SendBird;
				PRODUCT_NAME = "$(TARGET_NAME)";
				SWIFT_VERSION = 5.0;
				TARGETED_DEVICE_FAMILY = "1,2";
			};
			name = Debug;
		};
		ABC857CE2361657400CA2BE5 /* Release */ = {
			isa = XCBuildConfiguration;
			buildSettings = {
				ASSETCATALOG_COMPILER_APPICON_NAME = AppIcon;
				CODE_SIGN_STYLE = Automatic;
				DEVELOPMENT_TEAM = PZ54V4GKAZ;
				INFOPLIST_FILE = SendBird/Info.plist;
				LD_RUNPATH_SEARCH_PATHS = (
					"$(inherited)",
					"@executable_path/Frameworks",
				);
				PRODUCT_BUNDLE_IDENTIFIER = onCompany.SendBird;
				PRODUCT_NAME = "$(TARGET_NAME)";
				SWIFT_VERSION = 5.0;
				TARGETED_DEVICE_FAMILY = "1,2";
			};
			name = Release;
		};
/* End XCBuildConfiguration section */

/* Begin XCConfigurationList section */
		ABC857B32361657300CA2BE5 /* Build configuration list for PBXProject "SendBird" */ = {
			isa = XCConfigurationList;
			buildConfigurations = (
				ABC857CA2361657400CA2BE5 /* Debug */,
				ABC857CB2361657400CA2BE5 /* Release */,
			);
			defaultConfigurationIsVisible = 0;
			defaultConfigurationName = Release;
		};
		ABC857CC2361657400CA2BE5 /* Build configuration list for PBXNativeTarget "SendBird" */ = {
			isa = XCConfigurationList;
			buildConfigurations = (
				ABC857CD2361657400CA2BE5 /* Debug */,
				ABC857CE2361657400CA2BE5 /* Release */,
			);
			defaultConfigurationIsVisible = 0;
			defaultConfigurationName = Release;
		};
/* End XCConfigurationList section */
	};
	rootObject = ABC857B02361657300CA2BE5 /* Project object */;
}
